// !$*UTF8*$!
{
	archiveVersion = 1;
	classes = {
	};
	objectVersion = 55;
	objects = {

/* Begin PBXBuildFile section */
		FFA91C0927F1524D0032954C /* Tests_iOS.swift in Sources */ = {isa = PBXBuildFile; fileRef = FFA91C0827F1524D0032954C /* Tests_iOS.swift */; };
		FFA91C0B27F1524D0032954C /* Tests_iOSLaunchTests.swift in Sources */ = {isa = PBXBuildFile; fileRef = FFA91C0A27F1524D0032954C /* Tests_iOSLaunchTests.swift */; };
		FFA91C1527F1524D0032954C /* Tests_macOS.swift in Sources */ = {isa = PBXBuildFile; fileRef = FFA91C1427F1524D0032954C /* Tests_macOS.swift */; };
		FFA91C1727F1524D0032954C /* Tests_macOSLaunchTests.swift in Sources */ = {isa = PBXBuildFile; fileRef = FFA91C1627F1524D0032954C /* Tests_macOSLaunchTests.swift */; };
		FFA91C1827F1524D0032954C /* LearningSwiftUIExampleApp.swift in Sources */ = {isa = PBXBuildFile; fileRef = FFA91BF027F1524B0032954C /* LearningSwiftUIExampleApp.swift */; };
		FFA91C1927F1524D0032954C /* LearningSwiftUIExampleApp.swift in Sources */ = {isa = PBXBuildFile; fileRef = FFA91BF027F1524B0032954C /* LearningSwiftUIExampleApp.swift */; };
		FFA91C1A27F1524D0032954C /* ContentView.swift in Sources */ = {isa = PBXBuildFile; fileRef = FFA91BF127F1524B0032954C /* ContentView.swift */; };
		FFA91C1B27F1524D0032954C /* ContentView.swift in Sources */ = {isa = PBXBuildFile; fileRef = FFA91BF127F1524B0032954C /* ContentView.swift */; };
		FFA91C1C27F1524D0032954C /* Assets.xcassets in Resources */ = {isa = PBXBuildFile; fileRef = FFA91BF227F1524D0032954C /* Assets.xcassets */; };
		FFA91C1D27F1524D0032954C /* Assets.xcassets in Resources */ = {isa = PBXBuildFile; fileRef = FFA91BF227F1524D0032954C /* Assets.xcassets */; };
		FFA91C2D27F171A80032954C /* TreeList.swift in Sources */ = {isa = PBXBuildFile; fileRef = FFA91C2C27F171A80032954C /* TreeList.swift */; };
		FFA91C2E27F171A80032954C /* TreeList.swift in Sources */ = {isa = PBXBuildFile; fileRef = FFA91C2C27F171A80032954C /* TreeList.swift */; };
		FFA91C3427F19CF60032954C /* ItemList.swift in Sources */ = {isa = PBXBuildFile; fileRef = FFA91C3327F19CF60032954C /* ItemList.swift */; };
		FFA91C3527F19CF60032954C /* ItemList.swift in Sources */ = {isa = PBXBuildFile; fileRef = FFA91C3327F19CF60032954C /* ItemList.swift */; };
		FFA91C3727F19D0F0032954C /* SidebarList.swift in Sources */ = {isa = PBXBuildFile; fileRef = FFA91C3627F19D0F0032954C /* SidebarList.swift */; };
		FFA91C3827F19D0F0032954C /* SidebarList.swift in Sources */ = {isa = PBXBuildFile; fileRef = FFA91C3627F19D0F0032954C /* SidebarList.swift */; };
		FFA91C3A27F19D1C0032954C /* FormList.swift in Sources */ = {isa = PBXBuildFile; fileRef = FFA91C3927F19D1C0032954C /* FormList.swift */; };
		FFA91C3B27F19D1C0032954C /* FormList.swift in Sources */ = {isa = PBXBuildFile; fileRef = FFA91C3927F19D1C0032954C /* FormList.swift */; };
		FFAA64B327F6C87500ABF64F /* LazyHGridDemo1.swift in Sources */ = {isa = PBXBuildFile; fileRef = FFAA64B227F6C87500ABF64F /* LazyHGridDemo1.swift */; };
		FFAA64B427F6C87500ABF64F /* LazyHGridDemo1.swift in Sources */ = {isa = PBXBuildFile; fileRef = FFAA64B227F6C87500ABF64F /* LazyHGridDemo1.swift */; };
		FFAA64B627F6CE1800ABF64F /* TreeItem.swift in Sources */ = {isa = PBXBuildFile; fileRef = FFAA64B527F6CE1800ABF64F /* TreeItem.swift */; };
		FFAA64B727F6CE1800ABF64F /* TreeItem.swift in Sources */ = {isa = PBXBuildFile; fileRef = FFAA64B527F6CE1800ABF64F /* TreeItem.swift */; };
/* End PBXBuildFile section */

/* Begin PBXContainerItemProxy section */
		FFA91C0527F1524D0032954C /* PBXContainerItemProxy */ = {
			isa = PBXContainerItemProxy;
			containerPortal = FFA91BEB27F1524A0032954C /* Project object */;
			proxyType = 1;
			remoteGlobalIDString = FFA91BF627F1524D0032954C;
			remoteInfo = "LearningSwiftUIExample (iOS)";
		};
		FFA91C1127F1524D0032954C /* PBXContainerItemProxy */ = {
			isa = PBXContainerItemProxy;
			containerPortal = FFA91BEB27F1524A0032954C /* Project object */;
			proxyType = 1;
			remoteGlobalIDString = FFA91BFC27F1524D0032954C;
			remoteInfo = "LearningSwiftUIExample (macOS)";
		};
/* End PBXContainerItemProxy section */

/* Begin PBXFileReference section */
		FFA91BF027F1524B0032954C /* LearningSwiftUIExampleApp.swift */ = {isa = PBXFileReference; lastKnownFileType = sourcecode.swift; path = LearningSwiftUIExampleApp.swift; sourceTree = "<group>"; };
		FFA91BF127F1524B0032954C /* ContentView.swift */ = {isa = PBXFileReference; lastKnownFileType = sourcecode.swift; path = ContentView.swift; sourceTree = "<group>"; };
		FFA91BF227F1524D0032954C /* Assets.xcassets */ = {isa = PBXFileReference; lastKnownFileType = folder.assetcatalog; path = Assets.xcassets; sourceTree = "<group>"; };
		FFA91BF727F1524D0032954C /* LearningSwiftUIExample.app */ = {isa = PBXFileReference; explicitFileType = wrapper.application; includeInIndex = 0; path = LearningSwiftUIExample.app; sourceTree = BUILT_PRODUCTS_DIR; };
		FFA91BFD27F1524D0032954C /* LearningSwiftUIExample.app */ = {isa = PBXFileReference; explicitFileType = wrapper.application; includeInIndex = 0; path = LearningSwiftUIExample.app; sourceTree = BUILT_PRODUCTS_DIR; };
		FFA91BFF27F1524D0032954C /* macOS.entitlements */ = {isa = PBXFileReference; lastKnownFileType = text.plist.entitlements; path = macOS.entitlements; sourceTree = "<group>"; };
		FFA91C0427F1524D0032954C /* Tests iOS.xctest */ = {isa = PBXFileReference; explicitFileType = wrapper.cfbundle; includeInIndex = 0; path = "Tests iOS.xctest"; sourceTree = BUILT_PRODUCTS_DIR; };
		FFA91C0827F1524D0032954C /* Tests_iOS.swift */ = {isa = PBXFileReference; lastKnownFileType = sourcecode.swift; path = Tests_iOS.swift; sourceTree = "<group>"; };
		FFA91C0A27F1524D0032954C /* Tests_iOSLaunchTests.swift */ = {isa = PBXFileReference; lastKnownFileType = sourcecode.swift; path = Tests_iOSLaunchTests.swift; sourceTree = "<group>"; };
		FFA91C1027F1524D0032954C /* Tests macOS.xctest */ = {isa = PBXFileReference; explicitFileType = wrapper.cfbundle; includeInIndex = 0; path = "Tests macOS.xctest"; sourceTree = BUILT_PRODUCTS_DIR; };
		FFA91C1427F1524D0032954C /* Tests_macOS.swift */ = {isa = PBXFileReference; lastKnownFileType = sourcecode.swift; path = Tests_macOS.swift; sourceTree = "<group>"; };
		FFA91C1627F1524D0032954C /* Tests_macOSLaunchTests.swift */ = {isa = PBXFileReference; lastKnownFileType = sourcecode.swift; path = Tests_macOSLaunchTests.swift; sourceTree = "<group>"; };
		FFA91C2C27F171A80032954C /* TreeList.swift */ = {isa = PBXFileReference; fileEncoding = 4; lastKnownFileType = sourcecode.swift; path = TreeList.swift; sourceTree = "<group>"; };
		FFA91C3327F19CF60032954C /* ItemList.swift */ = {isa = PBXFileReference; lastKnownFileType = sourcecode.swift; path = ItemList.swift; sourceTree = "<group>"; };
		FFA91C3627F19D0F0032954C /* SidebarList.swift */ = {isa = PBXFileReference; lastKnownFileType = sourcecode.swift; path = SidebarList.swift; sourceTree = "<group>"; };
		FFA91C3927F19D1C0032954C /* FormList.swift */ = {isa = PBXFileReference; lastKnownFileType = sourcecode.swift; path = FormList.swift; sourceTree = "<group>"; };
		FFAA64B227F6C87500ABF64F /* LazyHGridDemo1.swift */ = {isa = PBXFileReference; lastKnownFileType = sourcecode.swift; path = LazyHGridDemo1.swift; sourceTree = "<group>"; };
		FFAA64B527F6CE1800ABF64F /* TreeItem.swift */ = {isa = PBXFileReference; lastKnownFileType = sourcecode.swift; path = TreeItem.swift; sourceTree = "<group>"; };
/* End PBXFileReference section */

/* Begin PBXFrameworksBuildPhase section */
		FFA91BF427F1524D0032954C /* Frameworks */ = {
			isa = PBXFrameworksBuildPhase;
			buildActionMask = 2147483647;
			files = (
			);
			runOnlyForDeploymentPostprocessing = 0;
		};
		FFA91BFA27F1524D0032954C /* Frameworks */ = {
			isa = PBXFrameworksBuildPhase;
			buildActionMask = 2147483647;
			files = (
			);
			runOnlyForDeploymentPostprocessing = 0;
		};
		FFA91C0127F1524D0032954C /* Frameworks */ = {
			isa = PBXFrameworksBuildPhase;
			buildActionMask = 2147483647;
			files = (
			);
			runOnlyForDeploymentPostprocessing = 0;
		};
		FFA91C0D27F1524D0032954C /* Frameworks */ = {
			isa = PBXFrameworksBuildPhase;
			buildActionMask = 2147483647;
			files = (
			);
			runOnlyForDeploymentPostprocessing = 0;
		};
/* End PBXFrameworksBuildPhase section */

/* Begin PBXGroup section */
		FFA91BEA27F1524A0032954C = {
			isa = PBXGroup;
			children = (
				FFA91BEF27F1524B0032954C /* Shared */,
				FFA91BFE27F1524D0032954C /* macOS */,
				FFA91C0727F1524D0032954C /* Tests iOS */,
				FFA91C1327F1524D0032954C /* Tests macOS */,
				FFA91BF827F1524D0032954C /* Products */,
			);
			sourceTree = "<group>";
		};
		FFA91BEF27F1524B0032954C /* Shared */ = {
			isa = PBXGroup;
			children = (
				FFA91BF027F1524B0032954C /* LearningSwiftUIExampleApp.swift */,
				FFA91BF127F1524B0032954C /* ContentView.swift */,
				FFAA64AD27F6C7D700ABF64F /* TreeDemo */,
				FFAA64AE27F6C82200ABF64F /* LazyHGridDemo */,
				FFA91C2F27F197D60032954C /* Models */,
				FFA91BF227F1524D0032954C /* Assets.xcassets */,
			);
			path = Shared;
			sourceTree = "<group>";
		};
		FFA91BF827F1524D0032954C /* Products */ = {
			isa = PBXGroup;
			children = (
				FFA91BF727F1524D0032954C /* LearningSwiftUIExample.app */,
				FFA91BFD27F1524D0032954C /* LearningSwiftUIExample.app */,
				FFA91C0427F1524D0032954C /* Tests iOS.xctest */,
				FFA91C1027F1524D0032954C /* Tests macOS.xctest */,
			);
			name = Products;
			sourceTree = "<group>";
		};
		FFA91BFE27F1524D0032954C /* macOS */ = {
			isa = PBXGroup;
			children = (
				FFA91BFF27F1524D0032954C /* macOS.entitlements */,
			);
			path = macOS;
			sourceTree = "<group>";
		};
		FFA91C0727F1524D0032954C /* Tests iOS */ = {
			isa = PBXGroup;
			children = (
				FFA91C0827F1524D0032954C /* Tests_iOS.swift */,
				FFA91C0A27F1524D0032954C /* Tests_iOSLaunchTests.swift */,
			);
			path = "Tests iOS";
			sourceTree = "<group>";
		};
		FFA91C1327F1524D0032954C /* Tests macOS */ = {
			isa = PBXGroup;
			children = (
				FFA91C1427F1524D0032954C /* Tests_macOS.swift */,
				FFA91C1627F1524D0032954C /* Tests_macOSLaunchTests.swift */,
			);
			path = "Tests macOS";
			sourceTree = "<group>";
		};
		FFA91C2F27F197D60032954C /* Models */ = {
			isa = PBXGroup;
			children = (
				FFAA64B527F6CE1800ABF64F /* TreeItem.swift */,
			);
			path = Models;
			sourceTree = "<group>";
		};
		FFAA64AD27F6C7D700ABF64F /* TreeDemo */ = {
			isa = PBXGroup;
			children = (
				FFA91C2C27F171A80032954C /* TreeList.swift */,
				FFA91C3327F19CF60032954C /* ItemList.swift */,
				FFA91C3627F19D0F0032954C /* SidebarList.swift */,
				FFA91C3927F19D1C0032954C /* FormList.swift */,
			);
			path = TreeDemo;
			sourceTree = "<group>";
		};
		FFAA64AE27F6C82200ABF64F /* LazyHGridDemo */ = {
			isa = PBXGroup;
			children = (
				FFAA64B227F6C87500ABF64F /* LazyHGridDemo1.swift */,
			);
			path = LazyHGridDemo;
			sourceTree = "<group>";
		};
/* End PBXGroup section */

/* Begin PBXNativeTarget section */
		FFA91BF627F1524D0032954C /* LearningSwiftUIExample (iOS) */ = {
			isa = PBXNativeTarget;
			buildConfigurationList = FFA91C2027F1524D0032954C /* Build configuration list for PBXNativeTarget "LearningSwiftUIExample (iOS)" */;
			buildPhases = (
				FFA91BF327F1524D0032954C /* Sources */,
				FFA91BF427F1524D0032954C /* Frameworks */,
				FFA91BF527F1524D0032954C /* Resources */,
			);
			buildRules = (
			);
			dependencies = (
			);
			name = "LearningSwiftUIExample (iOS)";
			productName = "LearningSwiftUIExample (iOS)";
			productReference = FFA91BF727F1524D0032954C /* LearningSwiftUIExample.app */;
			productType = "com.apple.product-type.application";
		};
		FFA91BFC27F1524D0032954C /* LearningSwiftUIExample (macOS) */ = {
			isa = PBXNativeTarget;
			buildConfigurationList = FFA91C2327F1524D0032954C /* Build configuration list for PBXNativeTarget "LearningSwiftUIExample (macOS)" */;
			buildPhases = (
				FFA91BF927F1524D0032954C /* Sources */,
				FFA91BFA27F1524D0032954C /* Frameworks */,
				FFA91BFB27F1524D0032954C /* Resources */,
			);
			buildRules = (
			);
			dependencies = (
			);
			name = "LearningSwiftUIExample (macOS)";
			productName = "LearningSwiftUIExample (macOS)";
			productReference = FFA91BFD27F1524D0032954C /* LearningSwiftUIExample.app */;
			productType = "com.apple.product-type.application";
		};
		FFA91C0327F1524D0032954C /* Tests iOS */ = {
			isa = PBXNativeTarget;
			buildConfigurationList = FFA91C2627F1524D0032954C /* Build configuration list for PBXNativeTarget "Tests iOS" */;
			buildPhases = (
				FFA91C0027F1524D0032954C /* Sources */,
				FFA91C0127F1524D0032954C /* Frameworks */,
				FFA91C0227F1524D0032954C /* Resources */,
			);
			buildRules = (
			);
			dependencies = (
				FFA91C0627F1524D0032954C /* PBXTargetDependency */,
			);
			name = "Tests iOS";
			productName = "Tests iOS";
			productReference = FFA91C0427F1524D0032954C /* Tests iOS.xctest */;
			productType = "com.apple.product-type.bundle.ui-testing";
		};
		FFA91C0F27F1524D0032954C /* Tests macOS */ = {
			isa = PBXNativeTarget;
			buildConfigurationList = FFA91C2927F1524D0032954C /* Build configuration list for PBXNativeTarget "Tests macOS" */;
			buildPhases = (
				FFA91C0C27F1524D0032954C /* Sources */,
				FFA91C0D27F1524D0032954C /* Frameworks */,
				FFA91C0E27F1524D0032954C /* Resources */,
			);
			buildRules = (
			);
			dependencies = (
				FFA91C1227F1524D0032954C /* PBXTargetDependency */,
			);
			name = "Tests macOS";
			productName = "Tests macOS";
			productReference = FFA91C1027F1524D0032954C /* Tests macOS.xctest */;
			productType = "com.apple.product-type.bundle.ui-testing";
		};
/* End PBXNativeTarget section */

/* Begin PBXProject section */
		FFA91BEB27F1524A0032954C /* Project object */ = {
			isa = PBXProject;
			attributes = {
				BuildIndependentTargetsInParallel = 1;
				LastSwiftUpdateCheck = 1330;
				LastUpgradeCheck = 1330;
				TargetAttributes = {
					FFA91BF627F1524D0032954C = {
						CreatedOnToolsVersion = 13.3;
					};
					FFA91BFC27F1524D0032954C = {
						CreatedOnToolsVersion = 13.3;
					};
					FFA91C0327F1524D0032954C = {
						CreatedOnToolsVersion = 13.3;
						TestTargetID = FFA91BF627F1524D0032954C;
					};
					FFA91C0F27F1524D0032954C = {
						CreatedOnToolsVersion = 13.3;
						TestTargetID = FFA91BFC27F1524D0032954C;
					};
				};
			};
			buildConfigurationList = FFA91BEE27F1524A0032954C /* Build configuration list for PBXProject "LearningSwiftUIExample" */;
			compatibilityVersion = "Xcode 13.0";
			developmentRegion = en;
			hasScannedForEncodings = 0;
			knownRegions = (
				en,
				Base,
			);
			mainGroup = FFA91BEA27F1524A0032954C;
			productRefGroup = FFA91BF827F1524D0032954C /* Products */;
			projectDirPath = "";
			projectRoot = "";
			targets = (
				FFA91BF627F1524D0032954C /* LearningSwiftUIExample (iOS) */,
				FFA91BFC27F1524D0032954C /* LearningSwiftUIExample (macOS) */,
				FFA91C0327F1524D0032954C /* Tests iOS */,
				FFA91C0F27F1524D0032954C /* Tests macOS */,
			);
		};
/* End PBXProject section */

/* Begin PBXResourcesBuildPhase section */
		FFA91BF527F1524D0032954C /* Resources */ = {
			isa = PBXResourcesBuildPhase;
			buildActionMask = 2147483647;
			files = (
				FFA91C1C27F1524D0032954C /* Assets.xcassets in Resources */,
			);
			runOnlyForDeploymentPostprocessing = 0;
		};
		FFA91BFB27F1524D0032954C /* Resources */ = {
			isa = PBXResourcesBuildPhase;
			buildActionMask = 2147483647;
			files = (
				FFA91C1D27F1524D0032954C /* Assets.xcassets in Resources */,
			);
			runOnlyForDeploymentPostprocessing = 0;
		};
		FFA91C0227F1524D0032954C /* Resources */ = {
			isa = PBXResourcesBuildPhase;
			buildActionMask = 2147483647;
			files = (
			);
			runOnlyForDeploymentPostprocessing = 0;
		};
		FFA91C0E27F1524D0032954C /* Resources */ = {
			isa = PBXResourcesBuildPhase;
			buildActionMask = 2147483647;
			files = (
			);
			runOnlyForDeploymentPostprocessing = 0;
		};
/* End PBXResourcesBuildPhase section */

/* Begin PBXSourcesBuildPhase section */
		FFA91BF327F1524D0032954C /* Sources */ = {
			isa = PBXSourcesBuildPhase;
			buildActionMask = 2147483647;
			files = (
				FFAA64B327F6C87500ABF64F /* LazyHGridDemo1.swift in Sources */,
				FFAA64B627F6CE1800ABF64F /* TreeItem.swift in Sources */,
				FFA91C3A27F19D1C0032954C /* FormList.swift in Sources */,
				FFA91C3427F19CF60032954C /* ItemList.swift in Sources */,
				FFA91C2D27F171A80032954C /* TreeList.swift in Sources */,
				FFA91C1A27F1524D0032954C /* ContentView.swift in Sources */,
				FFA91C3727F19D0F0032954C /* SidebarList.swift in Sources */,
				FFA91C1827F1524D0032954C /* LearningSwiftUIExampleApp.swift in Sources */,
			);
			runOnlyForDeploymentPostprocessing = 0;
		};
		FFA91BF927F1524D0032954C /* Sources */ = {
			isa = PBXSourcesBuildPhase;
			buildActionMask = 2147483647;
			files = (
				FFAA64B427F6C87500ABF64F /* LazyHGridDemo1.swift in Sources */,
				FFAA64B727F6CE1800ABF64F /* TreeItem.swift in Sources */,
				FFA91C3B27F19D1C0032954C /* FormList.swift in Sources */,
				FFA91C3527F19CF60032954C /* ItemList.swift in Sources */,
				FFA91C2E27F171A80032954C /* TreeList.swift in Sources */,
				FFA91C1B27F1524D0032954C /* ContentView.swift in Sources */,
				FFA91C3827F19D0F0032954C /* SidebarList.swift in Sources */,
				FFA91C1927F1524D0032954C /* LearningSwiftUIExampleApp.swift in Sources */,
			);
			runOnlyForDeploymentPostprocessing = 0;
		};
		FFA91C0027F1524D0032954C /* Sources */ = {
			isa = PBXSourcesBuildPhase;
			buildActionMask = 2147483647;
			files = (
				FFA91C0B27F1524D0032954C /* Tests_iOSLaunchTests.swift in Sources */,
				FFA91C0927F1524D0032954C /* Tests_iOS.swift in Sources */,
			);
			runOnlyForDeploymentPostprocessing = 0;
		};
		FFA91C0C27F1524D0032954C /* Sources */ = {
			isa = PBXSourcesBuildPhase;
			buildActionMask = 2147483647;
			files = (
				FFA91C1727F1524D0032954C /* Tests_macOSLaunchTests.swift in Sources */,
				FFA91C1527F1524D0032954C /* Tests_macOS.swift in Sources */,
			);
			runOnlyForDeploymentPostprocessing = 0;
		};
/* End PBXSourcesBuildPhase section */

/* Begin PBXTargetDependency section */
		FFA91C0627F1524D0032954C /* PBXTargetDependency */ = {
			isa = PBXTargetDependency;
			target = FFA91BF627F1524D0032954C /* LearningSwiftUIExample (iOS) */;
			targetProxy = FFA91C0527F1524D0032954C /* PBXContainerItemProxy */;
		};
		FFA91C1227F1524D0032954C /* PBXTargetDependency */ = {
			isa = PBXTargetDependency;
			target = FFA91BFC27F1524D0032954C /* LearningSwiftUIExample (macOS) */;
			targetProxy = FFA91C1127F1524D0032954C /* PBXContainerItemProxy */;
		};
/* End PBXTargetDependency section */

/* Begin XCBuildConfiguration section */
		FFA91C1E27F1524D0032954C /* Debug */ = {
			isa = XCBuildConfiguration;
			buildSettings = {
				ALWAYS_SEARCH_USER_PATHS = NO;
				CLANG_ANALYZER_NONNULL = YES;
				CLANG_ANALYZER_NUMBER_OBJECT_CONVERSION = YES_AGGRESSIVE;
				CLANG_CXX_LANGUAGE_STANDARD = "gnu++17";
				CLANG_ENABLE_MODULES = YES;
				CLANG_ENABLE_OBJC_ARC = YES;
				CLANG_ENABLE_OBJC_WEAK = YES;
				CLANG_WARN_BLOCK_CAPTURE_AUTORELEASING = YES;
				CLANG_WARN_BOOL_CONVERSION = YES;
				CLANG_WARN_COMMA = YES;
				CLANG_WARN_CONSTANT_CONVERSION = YES;
				CLANG_WARN_DEPRECATED_OBJC_IMPLEMENTATIONS = YES;
				CLANG_WARN_DIRECT_OBJC_ISA_USAGE = YES_ERROR;
				CLANG_WARN_DOCUMENTATION_COMMENTS = YES;
				CLANG_WARN_EMPTY_BODY = YES;
				CLANG_WARN_ENUM_CONVERSION = YES;
				CLANG_WARN_INFINITE_RECURSION = YES;
				CLANG_WARN_INT_CONVERSION = YES;
				CLANG_WARN_NON_LITERAL_NULL_CONVERSION = YES;
				CLANG_WARN_OBJC_IMPLICIT_RETAIN_SELF = YES;
				CLANG_WARN_OBJC_LITERAL_CONVERSION = YES;
				CLANG_WARN_OBJC_ROOT_CLASS = YES_ERROR;
				CLANG_WARN_QUOTED_INCLUDE_IN_FRAMEWORK_HEADER = YES;
				CLANG_WARN_RANGE_LOOP_ANALYSIS = YES;
				CLANG_WARN_STRICT_PROTOTYPES = YES;
				CLANG_WARN_SUSPICIOUS_MOVE = YES;
				CLANG_WARN_UNGUARDED_AVAILABILITY = YES_AGGRESSIVE;
				CLANG_WARN_UNREACHABLE_CODE = YES;
				CLANG_WARN__DUPLICATE_METHOD_MATCH = YES;
				COPY_PHASE_STRIP = NO;
				DEBUG_INFORMATION_FORMAT = dwarf;
				ENABLE_STRICT_OBJC_MSGSEND = YES;
				ENABLE_TESTABILITY = YES;
				GCC_C_LANGUAGE_STANDARD = gnu11;
				GCC_DYNAMIC_NO_PIC = NO;
				GCC_NO_COMMON_BLOCKS = YES;
				GCC_OPTIMIZATION_LEVEL = 0;
				GCC_PREPROCESSOR_DEFINITIONS = (
					"DEBUG=1",
					"$(inherited)",
				);
				GCC_WARN_64_TO_32_BIT_CONVERSION = YES;
				GCC_WARN_ABOUT_RETURN_TYPE = YES_ERROR;
				GCC_WARN_UNDECLARED_SELECTOR = YES;
				GCC_WARN_UNINITIALIZED_AUTOS = YES_AGGRESSIVE;
				GCC_WARN_UNUSED_FUNCTION = YES;
				GCC_WARN_UNUSED_VARIABLE = YES;
				MTL_ENABLE_DEBUG_INFO = INCLUDE_SOURCE;
				MTL_FAST_MATH = YES;
				ONLY_ACTIVE_ARCH = YES;
				SWIFT_ACTIVE_COMPILATION_CONDITIONS = DEBUG;
				SWIFT_OPTIMIZATION_LEVEL = "-Onone";
			};
			name = Debug;
		};
		FFA91C1F27F1524D0032954C /* Release */ = {
			isa = XCBuildConfiguration;
			buildSettings = {
				ALWAYS_SEARCH_USER_PATHS = NO;
				CLANG_ANALYZER_NONNULL = YES;
				CLANG_ANALYZER_NUMBER_OBJECT_CONVERSION = YES_AGGRESSIVE;
				CLANG_CXX_LANGUAGE_STANDARD = "gnu++17";
				CLANG_ENABLE_MODULES = YES;
				CLANG_ENABLE_OBJC_ARC = YES;
				CLANG_ENABLE_OBJC_WEAK = YES;
				CLANG_WARN_BLOCK_CAPTURE_AUTORELEASING = YES;
				CLANG_WARN_BOOL_CONVERSION = YES;
				CLANG_WARN_COMMA = YES;
				CLANG_WARN_CONSTANT_CONVERSION = YES;
				CLANG_WARN_DEPRECATED_OBJC_IMPLEMENTATIONS = YES;
				CLANG_WARN_DIRECT_OBJC_ISA_USAGE = YES_ERROR;
				CLANG_WARN_DOCUMENTATION_COMMENTS = YES;
				CLANG_WARN_EMPTY_BODY = YES;
				CLANG_WARN_ENUM_CONVERSION = YES;
				CLANG_WARN_INFINITE_RECURSION = YES;
				CLANG_WARN_INT_CONVERSION = YES;
				CLANG_WARN_NON_LITERAL_NULL_CONVERSION = YES;
				CLANG_WARN_OBJC_IMPLICIT_RETAIN_SELF = YES;
				CLANG_WARN_OBJC_LITERAL_CONVERSION = YES;
				CLANG_WARN_OBJC_ROOT_CLASS = YES_ERROR;
				CLANG_WARN_QUOTED_INCLUDE_IN_FRAMEWORK_HEADER = YES;
				CLANG_WARN_RANGE_LOOP_ANALYSIS = YES;
				CLANG_WARN_STRICT_PROTOTYPES = YES;
				CLANG_WARN_SUSPICIOUS_MOVE = YES;
				CLANG_WARN_UNGUARDED_AVAILABILITY = YES_AGGRESSIVE;
				CLANG_WARN_UNREACHABLE_CODE = YES;
				CLANG_WARN__DUPLICATE_METHOD_MATCH = YES;
				COPY_PHASE_STRIP = NO;
				DEBUG_INFORMATION_FORMAT = "dwarf-with-dsym";
				ENABLE_NS_ASSERTIONS = NO;
				ENABLE_STRICT_OBJC_MSGSEND = YES;
				GCC_C_LANGUAGE_STANDARD = gnu11;
				GCC_NO_COMMON_BLOCKS = YES;
				GCC_WARN_64_TO_32_BIT_CONVERSION = YES;
				GCC_WARN_ABOUT_RETURN_TYPE = YES_ERROR;
				GCC_WARN_UNDECLARED_SELECTOR = YES;
				GCC_WARN_UNINITIALIZED_AUTOS = YES_AGGRESSIVE;
				GCC_WARN_UNUSED_FUNCTION = YES;
				GCC_WARN_UNUSED_VARIABLE = YES;
				MTL_ENABLE_DEBUG_INFO = NO;
				MTL_FAST_MATH = YES;
				SWIFT_COMPILATION_MODE = wholemodule;
				SWIFT_OPTIMIZATION_LEVEL = "-O";
			};
			name = Release;
		};
		FFA91C2127F1524D0032954C /* Debug */ = {
			isa = XCBuildConfiguration;
			buildSettings = {
				ASSETCATALOG_COMPILER_APPICON_NAME = AppIcon;
				ASSETCATALOG_COMPILER_GLOBAL_ACCENT_COLOR_NAME = AccentColor;
				CODE_SIGN_STYLE = Automatic;
				CURRENT_PROJECT_VERSION = 1;
				ENABLE_PREVIEWS = YES;
				GENERATE_INFOPLIST_FILE = YES;
				INFOPLIST_KEY_UIApplicationSceneManifest_Generation = YES;
				INFOPLIST_KEY_UIApplicationSupportsIndirectInputEvents = YES;
				INFOPLIST_KEY_UILaunchScreen_Generation = YES;
				INFOPLIST_KEY_UISupportedInterfaceOrientations_iPad = "UIInterfaceOrientationPortrait UIInterfaceOrientationPortraitUpsideDown UIInterfaceOrientationLandscapeLeft UIInterfaceOrientationLandscapeRight";
				INFOPLIST_KEY_UISupportedInterfaceOrientations_iPhone = "UIInterfaceOrientationPortrait UIInterfaceOrientationLandscapeLeft UIInterfaceOrientationLandscapeRight";
				IPHONEOS_DEPLOYMENT_TARGET = 15.4;
				LD_RUNPATH_SEARCH_PATHS = (
					"$(inherited)",
					"@executable_path/Frameworks",
				);
				MARKETING_VERSION = 1.0;
				PRODUCT_BUNDLE_IDENTIFIER = com.learning.swiftUIExample.LearningSwiftUIExample;
				PRODUCT_NAME = LearningSwiftUIExample;
				SDKROOT = iphoneos;
				SWIFT_EMIT_LOC_STRINGS = YES;
				SWIFT_VERSION = 5.0;
				TARGETED_DEVICE_FAMILY = "1,2";
			};
			name = Debug;
		};
		FFA91C2227F1524D0032954C /* Release */ = {
			isa = XCBuildConfiguration;
			buildSettings = {
				ASSETCATALOG_COMPILER_APPICON_NAME = AppIcon;
				ASSETCATALOG_COMPILER_GLOBAL_ACCENT_COLOR_NAME = AccentColor;
				CODE_SIGN_STYLE = Automatic;
				CURRENT_PROJECT_VERSION = 1;
				ENABLE_PREVIEWS = YES;
				GENERATE_INFOPLIST_FILE = YES;
				INFOPLIST_KEY_UIApplicationSceneManifest_Generation = YES;
				INFOPLIST_KEY_UIApplicationSupportsIndirectInputEvents = YES;
				INFOPLIST_KEY_UILaunchScreen_Generation = YES;
				INFOPLIST_KEY_UISupportedInterfaceOrientations_iPad = "UIInterfaceOrientationPortrait UIInterfaceOrientationPortraitUpsideDown UIInterfaceOrientationLandscapeLeft UIInterfaceOrientationLandscapeRight";
				INFOPLIST_KEY_UISupportedInterfaceOrientations_iPhone = "UIInterfaceOrientationPortrait UIInterfaceOrientationLandscapeLeft UIInterfaceOrientationLandscapeRight";
				IPHONEOS_DEPLOYMENT_TARGET = 15.4;
				LD_RUNPATH_SEARCH_PATHS = (
					"$(inherited)",
					"@executable_path/Frameworks",
				);
				MARKETING_VERSION = 1.0;
				PRODUCT_BUNDLE_IDENTIFIER = com.learning.swiftUIExample.LearningSwiftUIExample;
				PRODUCT_NAME = LearningSwiftUIExample;
				SDKROOT = iphoneos;
				SWIFT_EMIT_LOC_STRINGS = YES;
				SWIFT_VERSION = 5.0;
				TARGETED_DEVICE_FAMILY = "1,2";
				VALIDATE_PRODUCT = YES;
			};
			name = Release;
		};
		FFA91C2427F1524D0032954C /* Debug */ = {
			isa = XCBuildConfiguration;
			buildSettings = {
				ASSETCATALOG_COMPILER_APPICON_NAME = AppIcon;
				ASSETCATALOG_COMPILER_GLOBAL_ACCENT_COLOR_NAME = AccentColor;
				CODE_SIGN_ENTITLEMENTS = macOS/macOS.entitlements;
				CODE_SIGN_STYLE = Automatic;
				COMBINE_HIDPI_IMAGES = YES;
				CURRENT_PROJECT_VERSION = 1;
				ENABLE_PREVIEWS = YES;
				GENERATE_INFOPLIST_FILE = YES;
				INFOPLIST_KEY_NSHumanReadableCopyright = "";
				LD_RUNPATH_SEARCH_PATHS = (
					"$(inherited)",
					"@executable_path/../Frameworks",
				);
				MACOSX_DEPLOYMENT_TARGET = 12.3;
				MARKETING_VERSION = 1.0;
				PRODUCT_BUNDLE_IDENTIFIER = com.learning.swiftUIExample.LearningSwiftUIExample;
				PRODUCT_NAME = LearningSwiftUIExample;
				SDKROOT = macosx;
				SWIFT_EMIT_LOC_STRINGS = YES;
				SWIFT_VERSION = 5.0;
			};
			name = Debug;
		};
		FFA91C2527F1524D0032954C /* Release */ = {
			isa = XCBuildConfiguration;
			buildSettings = {
				ASSETCATALOG_COMPILER_APPICON_NAME = AppIcon;
				ASSETCATALOG_COMPILER_GLOBAL_ACCENT_COLOR_NAME = AccentColor;
				CODE_SIGN_ENTITLEMENTS = macOS/macOS.entitlements;
				CODE_SIGN_STYLE = Automatic;
				COMBINE_HIDPI_IMAGES = YES;
				CURRENT_PROJECT_VERSION = 1;
				ENABLE_PREVIEWS = YES;
				GENERATE_INFOPLIST_FILE = YES;
				INFOPLIST_KEY_NSHumanReadableCopyright = "";
				LD_RUNPATH_SEARCH_PATHS = (
					"$(inherited)",
					"@executable_path/../Frameworks",
				);
				MACOSX_DEPLOYMENT_TARGET = 12.3;
				MARKETING_VERSION = 1.0;
				PRODUCT_BUNDLE_IDENTIFIER = com.learning.swiftUIExample.LearningSwiftUIExample;
				PRODUCT_NAME = LearningSwiftUIExample;
				SDKROOT = macosx;
				SWIFT_EMIT_LOC_STRINGS = YES;
				SWIFT_VERSION = 5.0;
			};
			name = Release;
		};
		FFA91C2727F1524D0032954C /* Debug */ = {
			isa = XCBuildConfiguration;
			buildSettings = {
				ALWAYS_EMBED_SWIFT_STANDARD_LIBRARIES = YES;
				CODE_SIGN_STYLE = Automatic;
				CURRENT_PROJECT_VERSION = 1;
				GENERATE_INFOPLIST_FILE = YES;
				IPHONEOS_DEPLOYMENT_TARGET = 15.4;
				MARKETING_VERSION = 1.0;
				PRODUCT_BUNDLE_IDENTIFIER = "com.learning.swiftUIExample.Tests-iOS";
				PRODUCT_NAME = "$(TARGET_NAME)";
				SDKROOT = iphoneos;
				SWIFT_EMIT_LOC_STRINGS = NO;
				SWIFT_VERSION = 5.0;
				TARGETED_DEVICE_FAMILY = "1,2";
				TEST_TARGET_NAME = "LearningSwiftUIExample (iOS)";
			};
			name = Debug;
		};
		FFA91C2827F1524D0032954C /* Release */ = {
			isa = XCBuildConfiguration;
			buildSettings = {
				ALWAYS_EMBED_SWIFT_STANDARD_LIBRARIES = YES;
				CODE_SIGN_STYLE = Automatic;
				CURRENT_PROJECT_VERSION = 1;
				GENERATE_INFOPLIST_FILE = YES;
				IPHONEOS_DEPLOYMENT_TARGET = 15.4;
				MARKETING_VERSION = 1.0;
				PRODUCT_BUNDLE_IDENTIFIER = "com.learning.swiftUIExample.Tests-iOS";
				PRODUCT_NAME = "$(TARGET_NAME)";
				SDKROOT = iphoneos;
				SWIFT_EMIT_LOC_STRINGS = NO;
				SWIFT_VERSION = 5.0;
				TARGETED_DEVICE_FAMILY = "1,2";
				TEST_TARGET_NAME = "LearningSwiftUIExample (iOS)";
				VALIDATE_PRODUCT = YES;
			};
			name = Release;
		};
		FFA91C2A27F1524D0032954C /* Debug */ = {
			isa = XCBuildConfiguration;
			buildSettings = {
				ALWAYS_EMBED_SWIFT_STANDARD_LIBRARIES = YES;
				CODE_SIGN_STYLE = Automatic;
				CURRENT_PROJECT_VERSION = 1;
				GENERATE_INFOPLIST_FILE = YES;
				MACOSX_DEPLOYMENT_TARGET = 12.3;
				MARKETING_VERSION = 1.0;
				PRODUCT_BUNDLE_IDENTIFIER = "com.learning.swiftUIExample.Tests-macOS";
				PRODUCT_NAME = "$(TARGET_NAME)";
				SDKROOT = macosx;
				SWIFT_EMIT_LOC_STRINGS = NO;
				SWIFT_VERSION = 5.0;
				TEST_TARGET_NAME = "LearningSwiftUIExample (macOS)";
			};
			name = Debug;
		};
		FFA91C2B27F1524D0032954C /* Release */ = {
			isa = XCBuildConfiguration;
			buildSettings = {
				ALWAYS_EMBED_SWIFT_STANDARD_LIBRARIES = YES;
				CODE_SIGN_STYLE = Automatic;
				CURRENT_PROJECT_VERSION = 1;
				GENERATE_INFOPLIST_FILE = YES;
				MACOSX_DEPLOYMENT_TARGET = 12.3;
				MARKETING_VERSION = 1.0;
				PRODUCT_BUNDLE_IDENTIFIER = "com.learning.swiftUIExample.Tests-macOS";
				PRODUCT_NAME = "$(TARGET_NAME)";
				SDKROOT = macosx;
				SWIFT_EMIT_LOC_STRINGS = NO;
				SWIFT_VERSION = 5.0;
				TEST_TARGET_NAME = "LearningSwiftUIExample (macOS)";
			};
			name = Release;
		};
/* End XCBuildConfiguration section */

/* Begin XCConfigurationList section */
		FFA91BEE27F1524A0032954C /* Build configuration list for PBXProject "LearningSwiftUIExample" */ = {
			isa = XCConfigurationList;
			buildConfigurations = (
				FFA91C1E27F1524D0032954C /* Debug */,
				FFA91C1F27F1524D0032954C /* Release */,
			);
			defaultConfigurationIsVisible = 0;
			defaultConfigurationName = Release;
		};
		FFA91C2027F1524D0032954C /* Build configuration list for PBXNativeTarget "LearningSwiftUIExample (iOS)" */ = {
			isa = XCConfigurationList;
			buildConfigurations = (
				FFA91C2127F1524D0032954C /* Debug */,
				FFA91C2227F1524D0032954C /* Release */,
			);
			defaultConfigurationIsVisible = 0;
			defaultConfigurationName = Release;
		};
		FFA91C2327F1524D0032954C /* Build configuration list for PBXNativeTarget "LearningSwiftUIExample (macOS)" */ = {
			isa = XCConfigurationList;
			buildConfigurations = (
				FFA91C2427F1524D0032954C /* Debug */,
				FFA91C2527F1524D0032954C /* Release */,
			);
			defaultConfigurationIsVisible = 0;
			defaultConfigurationName = Release;
		};
		FFA91C2627F1524D0032954C /* Build configuration list for PBXNativeTarget "Tests iOS" */ = {
			isa = XCConfigurationList;
			buildConfigurations = (
				FFA91C2727F1524D0032954C /* Debug */,
				FFA91C2827F1524D0032954C /* Release */,
			);
			defaultConfigurationIsVisible = 0;
			defaultConfigurationName = Release;
		};
		FFA91C2927F1524D0032954C /* Build configuration list for PBXNativeTarget "Tests macOS" */ = {
			isa = XCConfigurationList;
			buildConfigurations = (
				FFA91C2A27F1524D0032954C /* Debug */,
				FFA91C2B27F1524D0032954C /* Release */,
			);
			defaultConfigurationIsVisible = 0;
			defaultConfigurationName = Release;
		};
/* End XCConfigurationList section */
	};
	rootObject = FFA91BEB27F1524A0032954C /* Project object */;
}
